
Microsoft Visual Studio Solution File, Format Version 12.00
# Visual Studio Version 17
VisualStudioVersion = 17.8.34408.163
MinimumVisualStudioVersion = 10.0.40219.1
Project("{9A19103F-16F7-4668-BE54-9A1E7A4F7556}") = "Tests", "Tests\Tests.csproj", "{B5B62F2C-222B-4A29-A161-4054B5B6A8D9}"
EndProject
Project("{FAE04EC0-301F-11D3-BF4B-00C04F79EFBC}") = "SimpleSerializer", "SimpleSerializer\SimpleSerializer.csproj", "{0C045040-2FE9-460C-B78D-63E7D9003681}"
EndProject
Project("{FAE04EC0-301F-11D3-BF4B-00C04F79EFBC}") = "SimpleSerializerStream.Examples", "SimpleSerializerStream.Examples\SimpleSerializerStream.Examples.csproj", "{DFBA9B4D-ACDB-43C7-A14F-BAB91F57EA58}"
EndProject
Project("{FAE04EC0-301F-11D3-BF4B-00C04F79EFBC}") = "SimpleSerializer.Channel", "SimpleSerializer.Channel\SimpleSerializer.Channel.csproj", "{A3F784F4-6B78-43CE-B68F-003BE2AD69B6}"
EndProject
Global
	GlobalSection(SolutionConfigurationPlatforms) = preSolution
		Debug|Any CPU = Debug|Any CPU
		Release|Any CPU = Release|Any CPU
	EndGlobalSection
	GlobalSection(ProjectConfigurationPlatforms) = postSolution
		{B5B62F2C-222B-4A29-A161-4054B5B6A8D9}.Debug|Any CPU.ActiveCfg = Debug|Any CPU
		{B5B62F2C-222B-4A29-A161-4054B5B6A8D9}.Debug|Any CPU.Build.0 = Debug|Any CPU
		{B5B62F2C-222B-4A29-A161-4054B5B6A8D9}.Release|Any CPU.ActiveCfg = Release|Any CPU
		{B5B62F2C-222B-4A29-A161-4054B5B6A8D9}.Release|Any CPU.Build.0 = Release|Any CPU
		{0C045040-2FE9-460C-B78D-63E7D9003681}.Debug|Any CPU.ActiveCfg = Debug|Any CPU
		{0C045040-2FE9-460C-B78D-63E7D9003681}.Debug|Any CPU.Build.0 = Debug|Any CPU
		{0C045040-2FE9-460C-B78D-63E7D9003681}.Release|Any CPU.ActiveCfg = Release|Any CPU
		{0C045040-2FE9-460C-B78D-63E7D9003681}.Release|Any CPU.Build.0 = Release|Any CPU
		{DFBA9B4D-ACDB-43C7-A14F-BAB91F57EA58}.Debug|Any CPU.ActiveCfg = Debug|Any CPU
		{DFBA9B4D-ACDB-43C7-A14F-BAB91F57EA58}.Debug|Any CPU.Build.0 = Debug|Any CPU
		{DFBA9B4D-ACDB-43C7-A14F-BAB91F57EA58}.Release|Any CPU.ActiveCfg = Release|Any CPU
		{DFBA9B4D-ACDB-43C7-A14F-BAB91F57EA58}.Release|Any CPU.Build.0 = Release|Any CPU
		{A3F784F4-6B78-43CE-B68F-003BE2AD69B6}.Debug|Any CPU.ActiveCfg = Debug|Any CPU
		{A3F784F4-6B78-43CE-B68F-003BE2AD69B6}.Debug|Any CPU.Build.0 = Debug|Any CPU
		{A3F784F4-6B78-43CE-B68F-003BE2AD69B6}.Release|Any CPU.ActiveCfg = Release|Any CPU
		{A3F784F4-6B78-43CE-B68F-003BE2AD69B6}.Release|Any CPU.Build.0 = Release|Any CPU
	EndGlobalSection
	GlobalSection(SolutionProperties) = preSolution
		HideSolutionNode = FALSE
	EndGlobalSection
	GlobalSection(ExtensibilityGlobals) = postSolution
		SolutionGuid = {4788D193-25A5-4405-A881-EF11A42234A5}
	EndGlobalSection
EndGlobal
